
Microsoft Visual Studio Solution File, Format Version 12.00
# Visual Studio Version 17
VisualStudioVersion = 17.8.34322.80
MinimumVisualStudioVersion = 10.0.40219.1
Project("{FAE04EC0-301F-11D3-BF4B-00C04F79EFBC}") = "Ex1", "Ex1\Ex1.csproj", "{32279922-5976-414F-B849-51379D0AA54C}"
EndProject
Global
	GlobalSection(SolutionConfigurationPlatforms) = preSolution
		Debug|Any CPU = Debug|Any CPU
		Release|Any CPU = Release|Any CPU
	EndGlobalSection
	GlobalSection(ProjectConfigurationPlatforms) = postSolution
		{32279922-5976-414F-B849-51379D0AA54C}.Debug|Any CPU.ActiveCfg = Debug|Any CPU
		{32279922-5976-414F-B849-51379D0AA54C}.Debug|Any CPU.Build.0 = Debug|Any CPU
		{32279922-5976-414F-B849-51379D0AA54C}.Release|Any CPU.ActiveCfg = Release|Any CPU
		{32279922-5976-414F-B849-51379D0AA54C}.Release|Any CPU.Build.0 = Release|Any CPU
	EndGlobalSection
	GlobalSection(SolutionProperties) = preSolution
		HideSolutionNode = FALSE
	EndGlobalSection
	GlobalSection(ExtensibilityGlobals) = postSolution
		SolutionGuid = {5B3B9524-ACAD-49BD-8624-86885B816F3D}
	EndGlobalSection
EndGlobal
